{
  "lockfileVersion": 1,
  "configVersion": 1,
  "workspaces": {
    "": {
      "dependencies": {
        "@noble/curves": "^2.0.1",
        "@noble/ed25519": "^3.0.0",
        "@noble/hashes": "^2.0.1",
        "@radix-ui/react-slot": "^1.2.4",
        "@tanstack/react-query": "^5.90.16",
        "bun-plugin-tailwind": "^0.1.2",
        "class-variance-authority": "^0.7.1",
        "dayjs": "^1.11.19",
        "dexie": "^4.2.1",
        "dexie-react-hooks": "^4.2.0",
        "google-protobuf": "^4.0.1",
        "mlkem": "^2.5.0",
        "neverthrow": "^8.2.0",
        "react": "^19.2.3",
        "react-dom": "^19.2.3",
        "react-icons": "^5.5.0",
        "tailwind-merge": "^3.4.0",
        "tailwindcss": "^4.1.18",
        "wouter": "^3.9.0",
      },
      "devDependencies": {
        "@types/bun": "^1.3.5",
        "@types/google-protobuf": "^3.15.12",
        "@types/react": "^19.2.7",
        "@types/react-dom": "^19.2.3",
        "prettier": "^3.7.4",
        "prettier-plugin-organize-imports": "^4.3.0",
        "prettier-plugin-tailwindcss": "^0.7.2",
        "protoc-gen-ts": "^0.8.7",
      },
    },
  },
  "packages": {
    "@noble/curves": ["@noble/curves@2.0.1", "", { "dependencies": { "@noble/hashes": "2.0.1" } }, "sha512-vs1Az2OOTBiP4q0pwjW5aF0xp9n4MxVrmkFBxc6EKZc6ddYx5gaZiAsZoq0uRRXWbi3AT/sBqn05eRPtn1JCPw=="],

    "@noble/ed25519": ["@noble/ed25519@3.0.0", "", {}, "sha512-QyteqMNm0GLqfa5SoYbSC3+Pvykwpn95Zgth4MFVSMKBB75ELl9tX1LAVsN4c3HXOrakHsF2gL4zWDAYCcsnzg=="],

    "@noble/hashes": ["@noble/hashes@2.0.1", "", {}, "sha512-XlOlEbQcE9fmuXxrVTXCTlG2nlRXa9Rj3rr5Ue/+tX+nmkgbX720YHh0VR3hBF9xDvwnb8D2shVGOwNx+ulArw=="],

    "@oven/bun-darwin-aarch64": ["@oven/bun-darwin-aarch64@1.3.3", "", { "os": "darwin", "cpu": "arm64" }, "sha512-eJopQrUk0WR7jViYDC29+Rp50xGvs4GtWOXBeqCoFMzutkkO3CZvHehA4JqnjfWMTSS8toqvRhCSOpOz62Wf9w=="],

    "@oven/bun-darwin-x64": ["@oven/bun-darwin-x64@1.3.3", "", { "os": "darwin", "cpu": "x64" }, "sha512-xGDePueVFrNgkS+iN0QdEFeRrx2MQ5hQ9ipRFu7N73rgoSSJsFlOKKt2uGZzunczedViIfjYl0ii0K4E9aZ0Ow=="],

    "@oven/bun-darwin-x64-baseline": ["@oven/bun-darwin-x64-baseline@1.3.3", "", { "os": "darwin", "cpu": "x64" }, "sha512-1ij4wQ9ECLFf1XFry+IFUN+28if40ozDqq6+QtuyOhIwraKzXOlAUbILhRMGvM3ED3yBex2mTwlKpA4Vja/V2g=="],

    "@oven/bun-linux-aarch64": ["@oven/bun-linux-aarch64@1.3.3", "", { "os": "linux", "cpu": "arm64" }, "sha512-DabZ3Mt1XcJneWdEEug8l7bCPVvDBRBpjUIpNnRnMFWFnzr8KBEpMcaWTwYOghjXyJdhB4MPKb19MwqyQ+FHAw=="],

    "@oven/bun-linux-aarch64-musl": ["@oven/bun-linux-aarch64-musl@1.3.3", "", { "os": "linux", "cpu": "arm64" }, "sha512-XWQ3tV/gtZj0wn2AdSUq/tEOKWT4OY+Uww70EbODgrrq00jxuTfq5nnYP6rkLD0M/T5BHJdQRSfQYdIni9vldw=="],

    "@oven/bun-linux-x64": ["@oven/bun-linux-x64@1.3.3", "", { "os": "linux", "cpu": "x64" }, "sha512-7eIARtKZKZDtah1aCpQUj/1/zT/zHRR063J6oAxZP9AuA547j5B9OM2D/vi/F4En7Gjk9FPjgPGTSYeqpQDzJw=="],

    "@oven/bun-linux-x64-baseline": ["@oven/bun-linux-x64-baseline@1.3.3", "", { "os": "linux", "cpu": "x64" }, "sha512-IU8pxhIf845psOv55LqJyL+tSUc6HHMfs6FGhuJcAnyi92j+B1HjOhnFQh9MW4vjoo7do5F8AerXlvk59RGH2w=="],

    "@oven/bun-linux-x64-musl": ["@oven/bun-linux-x64-musl@1.3.3", "", { "os": "linux", "cpu": "x64" }, "sha512-xNSDRPn1yyObKteS8fyQogwsS4eCECswHHgaKM+/d4wy/omZQrXn8ZyGm/ZF9B73UfQytUfbhE7nEnrFq03f0w=="],

    "@oven/bun-linux-x64-musl-baseline": ["@oven/bun-linux-x64-musl-baseline@1.3.3", "", { "os": "linux", "cpu": "x64" }, "sha512-JoRTPdAXRkNYouUlJqEncMWUKn/3DiWP03A7weBbtbsKr787gcdNna2YeyQKCb1lIXE4v1k18RM3gaOpQobGIQ=="],

    "@oven/bun-windows-x64": ["@oven/bun-windows-x64@1.3.3", "", { "os": "win32", "cpu": "x64" }, "sha512-kWqa1LKvDdAIzyfHxo3zGz3HFWbFHDlrNK77hKjUN42ycikvZJ+SHSX76+1OW4G8wmLETX4Jj+4BM1y01DQRIQ=="],

    "@oven/bun-windows-x64-baseline": ["@oven/bun-windows-x64-baseline@1.3.3", "", { "os": "win32", "cpu": "x64" }, "sha512-u5eZHKq6TPJSE282KyBOicGQ2trkFml0RoUfqkPOJVo7TXGrsGYYzdsugZRnVQY/WEmnxGtBy4T3PAaPqgQViA=="],

    "@radix-ui/react-compose-refs": ["@radix-ui/react-compose-refs@1.1.2", "", { "peerDependencies": { "@types/react": "*", "react": "^16.8 || ^17.0 || ^18.0 || ^19.0 || ^19.0.0-rc" }, "optionalPeers": ["@types/react"] }, "sha512-z4eqJvfiNnFMHIIvXP3CY57y2WJs5g2v3X0zm9mEJkrkNv4rDxu+sg9Jh8EkXyeqBkB7SOcboo9dMVqhyrACIg=="],

    "@radix-ui/react-slot": ["@radix-ui/react-slot@1.2.4", "", { "dependencies": { "@radix-ui/react-compose-refs": "1.1.2" }, "peerDependencies": { "@types/react": "*", "react": "^16.8 || ^17.0 || ^18.0 || ^19.0 || ^19.0.0-rc" }, "optionalPeers": ["@types/react"] }, "sha512-Jl+bCv8HxKnlTLVrcDE8zTMJ09R9/ukw4qBs/oZClOfoQk/cOTbDn+NceXfV7j09YPVQUryJPHurafcSg6EVKA=="],

    "@rollup/rollup-linux-x64-gnu": ["@rollup/rollup-linux-x64-gnu@4.55.1", "", { "os": "linux", "cpu": "x64" }, "sha512-a8G4wiQxQG2BAvo+gU6XrReRRqj+pLS2NGXKm8io19goR+K8lw269eTrPkSdDTALwMmJp4th2Uh0D8J9bEV1vg=="],

    "@tanstack/query-core": ["@tanstack/query-core@5.90.16", "", {}, "sha512-MvtWckSVufs/ja463/K4PyJeqT+HMlJWtw6PrCpywznd2NSgO3m4KwO9RqbFqGg6iDE8vVMFWMeQI4Io3eEYww=="],

    "@tanstack/react-query": ["@tanstack/react-query@5.90.16", "", { "dependencies": { "@tanstack/query-core": "5.90.16" }, "peerDependencies": { "react": "^18 || ^19" } }, "sha512-bpMGOmV4OPmif7TNMteU/Ehf/hoC0Kf98PDc0F4BZkFrEapRMEqI/V6YS0lyzwSV6PQpY1y4xxArUIfBW5LVxQ=="],

    "@types/bun": ["@types/bun@1.3.5", "", { "dependencies": { "bun-types": "1.3.5" } }, "sha512-RnygCqNrd3srIPEWBd5LFeUYG7plCoH2Yw9WaZGyNmdTEei+gWaHqydbaIRkIkcbXwhBT94q78QljxN0Sk838w=="],

    "@types/google-protobuf": ["@types/google-protobuf@3.15.12", "", {}, "sha512-40um9QqwHjRS92qnOaDpL7RmDK15NuZYo9HihiJRbYkMQZlWnuH8AdvbMy8/o6lgLmKbDUKa+OALCltHdbOTpQ=="],

    "@types/node": ["@types/node@24.10.1", "", { "dependencies": { "undici-types": "~7.16.0" } }, "sha512-GNWcUTRBgIRJD5zj+Tq0fKOJ5XZajIiBroOF0yvj2bSU1WvNdYS/dn9UxwsujGW4JX06dnHyjV2y9rRaybH0iQ=="],

    "@types/react": ["@types/react@19.2.7", "", { "dependencies": { "csstype": "^3.2.2" } }, "sha512-MWtvHrGZLFttgeEj28VXHxpmwYbor/ATPYbBfSFZEIRK0ecCFLl2Qo55z52Hss+UV9CRN7trSeq1zbgx7YDWWg=="],

    "@types/react-dom": ["@types/react-dom@19.2.3", "", { "peerDependencies": { "@types/react": "^19.2.0" } }, "sha512-jp2L/eY6fn+KgVVQAOqYItbF0VY/YApe5Mz2F0aykSO8gx31bYCZyvSeYxCHKvzHG5eZjc+zyaS5BrBWya2+kQ=="],

    "bun": ["bun@1.3.3", "", { "optionalDependencies": { "@oven/bun-darwin-aarch64": "1.3.3", "@oven/bun-darwin-x64": "1.3.3", "@oven/bun-darwin-x64-baseline": "1.3.3", "@oven/bun-linux-aarch64": "1.3.3", "@oven/bun-linux-aarch64-musl": "1.3.3", "@oven/bun-linux-x64": "1.3.3", "@oven/bun-linux-x64-baseline": "1.3.3", "@oven/bun-linux-x64-musl": "1.3.3", "@oven/bun-linux-x64-musl-baseline": "1.3.3", "@oven/bun-windows-x64": "1.3.3", "@oven/bun-windows-x64-baseline": "1.3.3" }, "os": [ "linux", "win32", "darwin", ], "cpu": [ "x64", "arm64", ], "bin": { "bun": "bin/bun.exe", "bunx": "bin/bunx.exe" } }, "sha512-2hJ4ocTZ634/Ptph4lysvO+LbbRZq8fzRvMwX0/CqaLBxrF2UB5D1LdMB8qGcdtCer4/VR9Bx5ORub0yn+yzmw=="],

    "bun-plugin-tailwind": ["bun-plugin-tailwind@0.1.2", "", { "peerDependencies": { "bun": ">=1.0.0" } }, "sha512-41jNC1tZRSK3s1o7pTNrLuQG8kL/0vR/JgiTmZAJ1eHwe0w5j6HFPKeqEk0WAD13jfrUC7+ULuewFBBCoADPpg=="],

    "bun-types": ["bun-types@1.3.5", "", { "dependencies": { "@types/node": "*" } }, "sha512-inmAYe2PFLs0SUbFOWSVD24sg1jFlMPxOjOSSCYqUgn4Hsc3rDc7dFvfVYjFPNHtov6kgUeulV4SxbuIV/stPw=="],

    "class-variance-authority": ["class-variance-authority@0.7.1", "", { "dependencies": { "clsx": "^2.1.1" } }, "sha512-Ka+9Trutv7G8M6WT6SeiRWz792K5qEqIGEGzXKhAE6xOWAY6pPH8U+9IY3oCMv6kqTmLsv7Xh/2w2RigkePMsg=="],

    "clsx": ["clsx@2.1.1", "", {}, "sha512-eYm0QWBtUrBWZWG0d386OGAw16Z995PiOVo2B7bjWSbHedGl5e0ZWaq65kOGgUSNesEIDkB9ISbTg/JK9dhCZA=="],

    "csstype": ["csstype@3.2.3", "", {}, "sha512-z1HGKcYy2xA8AGQfwrn0PAy+PB7X/GSj3UVJW9qKyn43xWa+gl5nXmU4qqLMRzWVLFC8KusUX8T/0kCiOYpAIQ=="],

    "dayjs": ["dayjs@1.11.19", "", {}, "sha512-t5EcLVS6QPBNqM2z8fakk/NKel+Xzshgt8FFKAn+qwlD1pzZWxh0nVCrvFK7ZDb6XucZeF9z8C7CBWTRIVApAw=="],

    "dexie": ["dexie@4.2.1", "", {}, "sha512-Ckej0NS6jxQ4Po3OrSQBFddayRhTCic2DoCAG5zacOfOVB9P2Q5Xc5uL/nVa7ZVs+HdMnvUPzLFCB/JwpB6Csg=="],

    "dexie-react-hooks": ["dexie-react-hooks@4.2.0", "", { "peerDependencies": { "@types/react": ">=16", "dexie": ">=4.2.0-alpha.1 <5.0.0", "react": ">=16" } }, "sha512-u7KqTX9JpBQK8+tEyA9X0yMGXlSCsbm5AU64N6gjvGk/IutYDpLBInMYEAEC83s3qhIvryFS+W+sqLZUBEvePQ=="],

    "google-protobuf": ["google-protobuf@4.0.1", "", {}, "sha512-0I4mx3UtAwpcc8l9Ds5gHcwV2FyPdwvxxBcor8LusE4b6PjoFxEngZRBepjvuQ4B0eZ2iu/Vezh8oRsnpJ9UGA=="],

    "mitt": ["mitt@3.0.1", "", {}, "sha512-vKivATfr97l2/QBCYAkXYDbrIWPM2IIKEl7YPhjCvKlG3kE2gm+uBo6nEXK3M5/Ffh/FLpKExzOQ3JJoJGFKBw=="],

    "mlkem": ["mlkem@2.5.0", "", {}, "sha512-TnSvGBs0EVPukQcdPF0882ZoYXYuD2rb+VgO0kUDbFi/XM1rJOwnQoFW3wGGuc3nG3AT/zp3oWJ86W7ewwKYyA=="],

    "neverthrow": ["neverthrow@8.2.0", "", { "optionalDependencies": { "@rollup/rollup-linux-x64-gnu": "^4.24.0" } }, "sha512-kOCT/1MCPAxY5iUV3wytNFUMUolzuwd/VF/1KCx7kf6CutrOsTie+84zTGTpgQycjvfLdBBdvBvFLqFD2c0wkQ=="],

    "prettier": ["prettier@3.7.4", "", { "bin": { "prettier": "bin/prettier.cjs" } }, "sha512-v6UNi1+3hSlVvv8fSaoUbggEM5VErKmmpGA7Pl3HF8V6uKY7rvClBOJlH6yNwQtfTueNkGVpOv/mtWL9L4bgRA=="],

    "prettier-plugin-organize-imports": ["prettier-plugin-organize-imports@4.3.0", "", { "peerDependencies": { "prettier": ">=2.0", "typescript": ">=2.9", "vue-tsc": "^2.1.0 || 3" }, "optionalPeers": ["vue-tsc"] }, "sha512-FxFz0qFhyBsGdIsb697f/EkvHzi5SZOhWAjxcx2dLt+Q532bAlhswcXGYB1yzjZ69kW8UoadFBw7TyNwlq96Iw=="],

    "prettier-plugin-tailwindcss": ["prettier-plugin-tailwindcss@0.7.2", "", { "peerDependencies": { "@ianvs/prettier-plugin-sort-imports": "*", "@prettier/plugin-hermes": "*", "@prettier/plugin-oxc": "*", "@prettier/plugin-pug": "*", "@shopify/prettier-plugin-liquid": "*", "@trivago/prettier-plugin-sort-imports": "*", "@zackad/prettier-plugin-twig": "*", "prettier": "^3.0", "prettier-plugin-astro": "*", "prettier-plugin-css-order": "*", "prettier-plugin-jsdoc": "*", "prettier-plugin-marko": "*", "prettier-plugin-multiline-arrays": "*", "prettier-plugin-organize-attributes": "*", "prettier-plugin-organize-imports": "*", "prettier-plugin-sort-imports": "*", "prettier-plugin-svelte": "*" }, "optionalPeers": ["@ianvs/prettier-plugin-sort-imports", "@prettier/plugin-hermes", "@prettier/plugin-oxc", "@prettier/plugin-pug", "@shopify/prettier-plugin-liquid", "@trivago/prettier-plugin-sort-imports", "@zackad/prettier-plugin-twig", "prettier-plugin-astro", "prettier-plugin-css-order", "prettier-plugin-jsdoc", "prettier-plugin-marko", "prettier-plugin-multiline-arrays", "prettier-plugin-organize-attributes", "prettier-plugin-organize-imports", "prettier-plugin-sort-imports", "prettier-plugin-svelte"] }, "sha512-LkphyK3Fw+q2HdMOoiEHWf93fNtYJwfamoKPl7UwtjFQdei/iIBoX11G6j706FzN3ymX9mPVi97qIY8328vdnA=="],

    "protoc-gen-ts": ["protoc-gen-ts@0.8.7", "", { "bin": { "protoc-gen-ts": "protoc-gen-ts.js" } }, "sha512-jr4VJey2J9LVYCV7EVyVe53g1VMw28cCmYJhBe5e3YX5wiyiDwgxWxeDf9oTqAe4P1bN/YGAkW2jhlH8LohwiQ=="],

    "react": ["react@19.2.3", "", {}, "sha512-Ku/hhYbVjOQnXDZFv2+RibmLFGwFdeeKHFcOTlrt7xplBnya5OGn/hIRDsqDiSUcfORsDC7MPxwork8jBwsIWA=="],

    "react-dom": ["react-dom@19.2.3", "", { "dependencies": { "scheduler": "^0.27.0" }, "peerDependencies": { "react": "^19.2.3" } }, "sha512-yELu4WmLPw5Mr/lmeEpox5rw3RETacE++JgHqQzd2dg+YbJuat3jH4ingc+WPZhxaoFzdv9y33G+F7Nl5O0GBg=="],

    "react-icons": ["react-icons@5.5.0", "", { "peerDependencies": { "react": "*" } }, "sha512-MEFcXdkP3dLo8uumGI5xN3lDFNsRtrjbOEKDLD7yv76v4wpnEq2Lt2qeHaQOr34I/wPN3s3+N08WkQ+CW37Xiw=="],

    "regexparam": ["regexparam@3.0.0", "", {}, "sha512-RSYAtP31mvYLkAHrOlh25pCNQ5hWnT106VukGaaFfuJrZFkGRX5GhUAdPqpSDXxOhA2c4akmRuplv1mRqnBn6Q=="],

    "scheduler": ["scheduler@0.27.0", "", {}, "sha512-eNv+WrVbKu1f3vbYJT/xtiF5syA5HPIMtf9IgY/nKg0sWqzAUEvqY/xm7OcZc/qafLx/iO9FgOmeSAp4v5ti/Q=="],

    "tailwind-merge": ["tailwind-merge@3.4.0", "", {}, "sha512-uSaO4gnW+b3Y2aWoWfFpX62vn2sR3skfhbjsEnaBI81WD1wBLlHZe5sWf0AqjksNdYTbGBEd0UasQMT3SNV15g=="],

    "tailwindcss": ["tailwindcss@4.1.18", "", {}, "sha512-4+Z+0yiYyEtUVCScyfHCxOYP06L5Ne+JiHhY2IjR2KWMIWhJOYZKLSGZaP5HkZ8+bY0cxfzwDE5uOmzFXyIwxw=="],

    "typescript": ["typescript@5.9.3", "", { "bin": { "tsc": "bin/tsc", "tsserver": "bin/tsserver" } }, "sha512-jl1vZzPDinLr9eUt3J/t7V6FgNEw9QjvBPdysz9KfQDD41fQrC2Y4vKQdiaUpFT4bXlb1RHhLpp8wtm6M5TgSw=="],

    "undici-types": ["undici-types@7.16.0", "", {}, "sha512-Zz+aZWSj8LE6zoxD+xrjh4VfkIG8Ya6LvYkZqtUQGJPZjYl53ypCaUwWqo7eI0x66KBGeRo+mlBEkMSeSZ38Nw=="],

    "use-sync-external-store": ["use-sync-external-store@1.6.0", "", { "peerDependencies": { "react": "^16.8.0 || ^17.0.0 || ^18.0.0 || ^19.0.0" } }, "sha512-Pp6GSwGP/NrPIrxVFAIkOQeyw8lFenOHijQWkUTrDvrF4ALqylP2C/KCkeS9dpUM3KvYRQhna5vt7IL95+ZQ9w=="],

    "wouter": ["wouter@3.9.0", "", { "dependencies": { "mitt": "^3.0.1", "regexparam": "^3.0.0", "use-sync-external-store": "^1.0.0" }, "peerDependencies": { "react": ">=16.8.0" } }, "sha512-sF/od/PIgqEQBQcrN7a2x3MX6MQE6nW0ygCfy9hQuUkuB28wEZuu/6M5GyqkrrEu9M6jxdkgE12yDFsQMKos4Q=="],
  }
}
